
Microsoft Visual Studio Solution File, Format Version 12.00
# Visual Studio 15
VisualStudioVersion = 15.0.26124.0
MinimumVisualStudioVersion = 15.0.26124.0
Project("{2150E333-8FDC-42A3-9474-1A3956D46DE8}") = "src", "src", "{D5B34D1C-E914-4C8C-ACE0-E6990D98ED72}"
EndProject
Project("{FAE04EC0-301F-11D3-BF4B-00C04F79EFBC}") = "StoreOfBuild.Domain", "src\StoreOFBuild.Domain\StoreOfBuild.Domain.csproj", "{515C5E15-B5A1-41AE-A88E-D4A9D6829DE4}"
EndProject
Project("{FAE04EC0-301F-11D3-BF4B-00C04F79EFBC}") = "StoreOfBuild.Web", "src\StoreOfBuild.Web\StoreOfBuild.Web.csproj", "{2A78BE1A-8F02-488F-BD40-C45613C4C727}"
EndProject
Project("{FAE04EC0-301F-11D3-BF4B-00C04F79EFBC}") = "StoreOfBuild.Data", "src\StoreOfBuild.Data\StoreOfBuild.Data.csproj", "{D9C8D968-90E3-41D4-9BF3-82FC336CA9DC}"
EndProject
Project("{FAE04EC0-301F-11D3-BF4B-00C04F79EFBC}") = "StoreOfBuild.DI", "src\StoreOfBuild.DI\StoreOfBuild.DI.csproj", "{1EA87A3A-DF72-4D25-9FFD-F0351D9C201F}"
EndProject
Global
	GlobalSection(SolutionConfigurationPlatforms) = preSolution
		Debug|Any CPU = Debug|Any CPU
		Debug|x64 = Debug|x64
		Debug|x86 = Debug|x86
		Release|Any CPU = Release|Any CPU
		Release|x64 = Release|x64
		Release|x86 = Release|x86
	EndGlobalSection
	GlobalSection(SolutionProperties) = preSolution
		HideSolutionNode = FALSE
	EndGlobalSection
	GlobalSection(ProjectConfigurationPlatforms) = postSolution
		{515C5E15-B5A1-41AE-A88E-D4A9D6829DE4}.Debug|Any CPU.ActiveCfg = Debug|Any CPU
		{515C5E15-B5A1-41AE-A88E-D4A9D6829DE4}.Debug|Any CPU.Build.0 = Debug|Any CPU
		{515C5E15-B5A1-41AE-A88E-D4A9D6829DE4}.Debug|x64.ActiveCfg = Debug|Any CPU
		{515C5E15-B5A1-41AE-A88E-D4A9D6829DE4}.Debug|x64.Build.0 = Debug|Any CPU
		{515C5E15-B5A1-41AE-A88E-D4A9D6829DE4}.Debug|x86.ActiveCfg = Debug|Any CPU
		{515C5E15-B5A1-41AE-A88E-D4A9D6829DE4}.Debug|x86.Build.0 = Debug|Any CPU
		{515C5E15-B5A1-41AE-A88E-D4A9D6829DE4}.Release|Any CPU.ActiveCfg = Release|Any CPU
		{515C5E15-B5A1-41AE-A88E-D4A9D6829DE4}.Release|Any CPU.Build.0 = Release|Any CPU
		{515C5E15-B5A1-41AE-A88E-D4A9D6829DE4}.Release|x64.ActiveCfg = Release|Any CPU
		{515C5E15-B5A1-41AE-A88E-D4A9D6829DE4}.Release|x64.Build.0 = Release|Any CPU
		{515C5E15-B5A1-41AE-A88E-D4A9D6829DE4}.Release|x86.ActiveCfg = Release|Any CPU
		{515C5E15-B5A1-41AE-A88E-D4A9D6829DE4}.Release|x86.Build.0 = Release|Any CPU
		{2A78BE1A-8F02-488F-BD40-C45613C4C727}.Debug|Any CPU.ActiveCfg = Debug|Any CPU
		{2A78BE1A-8F02-488F-BD40-C45613C4C727}.Debug|Any CPU.Build.0 = Debug|Any CPU
		{2A78BE1A-8F02-488F-BD40-C45613C4C727}.Debug|x64.ActiveCfg = Debug|Any CPU
		{2A78BE1A-8F02-488F-BD40-C45613C4C727}.Debug|x64.Build.0 = Debug|Any CPU
		{2A78BE1A-8F02-488F-BD40-C45613C4C727}.Debug|x86.ActiveCfg = Debug|Any CPU
		{2A78BE1A-8F02-488F-BD40-C45613C4C727}.Debug|x86.Build.0 = Debug|Any CPU
		{2A78BE1A-8F02-488F-BD40-C45613C4C727}.Release|Any CPU.ActiveCfg = Release|Any CPU
		{2A78BE1A-8F02-488F-BD40-C45613C4C727}.Release|Any CPU.Build.0 = Release|Any CPU
		{2A78BE1A-8F02-488F-BD40-C45613C4C727}.Release|x64.ActiveCfg = Release|Any CPU
		{2A78BE1A-8F02-488F-BD40-C45613C4C727}.Release|x64.Build.0 = Release|Any CPU
		{2A78BE1A-8F02-488F-BD40-C45613C4C727}.Release|x86.ActiveCfg = Release|Any CPU
		{2A78BE1A-8F02-488F-BD40-C45613C4C727}.Release|x86.Build.0 = Release|Any CPU
		{D9C8D968-90E3-41D4-9BF3-82FC336CA9DC}.Debug|Any CPU.ActiveCfg = Debug|Any CPU
		{D9C8D968-90E3-41D4-9BF3-82FC336CA9DC}.Debug|Any CPU.Build.0 = Debug|Any CPU
		{D9C8D968-90E3-41D4-9BF3-82FC336CA9DC}.Debug|x64.ActiveCfg = Debug|Any CPU
		{D9C8D968-90E3-41D4-9BF3-82FC336CA9DC}.Debug|x64.Build.0 = Debug|Any CPU
		{D9C8D968-90E3-41D4-9BF3-82FC336CA9DC}.Debug|x86.ActiveCfg = Debug|Any CPU
		{D9C8D968-90E3-41D4-9BF3-82FC336CA9DC}.Debug|x86.Build.0 = Debug|Any CPU
		{D9C8D968-90E3-41D4-9BF3-82FC336CA9DC}.Release|Any CPU.ActiveCfg = Release|Any CPU
		{D9C8D968-90E3-41D4-9BF3-82FC336CA9DC}.Release|Any CPU.Build.0 = Release|Any CPU
		{D9C8D968-90E3-41D4-9BF3-82FC336CA9DC}.Release|x64.ActiveCfg = Release|Any CPU
		{D9C8D968-90E3-41D4-9BF3-82FC336CA9DC}.Release|x64.Build.0 = Release|Any CPU
		{D9C8D968-90E3-41D4-9BF3-82FC336CA9DC}.Release|x86.ActiveCfg = Release|Any CPU
		{D9C8D968-90E3-41D4-9BF3-82FC336CA9DC}.Release|x86.Build.0 = Release|Any CPU
		{1EA87A3A-DF72-4D25-9FFD-F0351D9C201F}.Debug|Any CPU.ActiveCfg = Debug|Any CPU
		{1EA87A3A-DF72-4D25-9FFD-F0351D9C201F}.Debug|Any CPU.Build.0 = Debug|Any CPU
		{1EA87A3A-DF72-4D25-9FFD-F0351D9C201F}.Debug|x64.ActiveCfg = Debug|Any CPU
		{1EA87A3A-DF72-4D25-9FFD-F0351D9C201F}.Debug|x64.Build.0 = Debug|Any CPU
		{1EA87A3A-DF72-4D25-9FFD-F0351D9C201F}.Debug|x86.ActiveCfg = Debug|Any CPU
		{1EA87A3A-DF72-4D25-9FFD-F0351D9C201F}.Debug|x86.Build.0 = Debug|Any CPU
		{1EA87A3A-DF72-4D25-9FFD-F0351D9C201F}.Release|Any CPU.ActiveCfg = Release|Any CPU
		{1EA87A3A-DF72-4D25-9FFD-F0351D9C201F}.Release|Any CPU.Build.0 = Release|Any CPU
		{1EA87A3A-DF72-4D25-9FFD-F0351D9C201F}.Release|x64.ActiveCfg = Release|Any CPU
		{1EA87A3A-DF72-4D25-9FFD-F0351D9C201F}.Release|x64.Build.0 = Release|Any CPU
		{1EA87A3A-DF72-4D25-9FFD-F0351D9C201F}.Release|x86.ActiveCfg = Release|Any CPU
		{1EA87A3A-DF72-4D25-9FFD-F0351D9C201F}.Release|x86.Build.0 = Release|Any CPU
	EndGlobalSection
	GlobalSection(NestedProjects) = preSolution
		{515C5E15-B5A1-41AE-A88E-D4A9D6829DE4} = {D5B34D1C-E914-4C8C-ACE0-E6990D98ED72}
		{2A78BE1A-8F02-488F-BD40-C45613C4C727} = {D5B34D1C-E914-4C8C-ACE0-E6990D98ED72}
		{D9C8D968-90E3-41D4-9BF3-82FC336CA9DC} = {D5B34D1C-E914-4C8C-ACE0-E6990D98ED72}
		{1EA87A3A-DF72-4D25-9FFD-F0351D9C201F} = {D5B34D1C-E914-4C8C-ACE0-E6990D98ED72}
	EndGlobalSection
EndGlobal
